// !$*UTF8*$!
{
	archiveVersion = 1;
	classes = {
	};
	objectVersion = 46;
	objects = {

/* Begin PBXBuildFile section */
		88061D871CA1A09A00D9528E /* SfSize.m in Sources */ = {isa = PBXBuildFile; fileRef = 88061D861CA1A09A00D9528E /* SfSize.m */; };
		88061D8A1CA1A13B00D9528E /* SfPoint.m in Sources */ = {isa = PBXBuildFile; fileRef = 88061D891CA1A13B00D9528E /* SfPoint.m */; };
		88061D8D1CA1A1CA00D9528E /* SfPanel.m in Sources */ = {isa = PBXBuildFile; fileRef = 88061D8C1CA1A1CA00D9528E /* SfPanel.m */; };
		88061D901CA1A2EF00D9528E /* SfBox.m in Sources */ = {isa = PBXBuildFile; fileRef = 88061D8F1CA1A2EF00D9528E /* SfBox.m */; };
		8864F4321CBE994500D6AB52 /* Puppeteer.m in Sources */ = {isa = PBXBuildFile; fileRef = 8864F4311CBE994500D6AB52 /* Puppeteer.m */; };
		8864F4361CBEA70B00D6AB52 /* Puppeteer1ViewController.m in Sources */ = {isa = PBXBuildFile; fileRef = 8864F4351CBEA70B00D6AB52 /* Puppeteer1ViewController.m */; };
		88D6BB261CC13DD100333093 /* PuppetTabs.m in Sources */ = {isa = PBXBuildFile; fileRef = 88D6BB251CC13DD100333093 /* PuppetTabs.m */; };
		88D6BB2D1CC1628800333093 /* FontAwesome.otf in Resources */ = {isa = PBXBuildFile; fileRef = 88D6BB2C1CC1628800333093 /* FontAwesome.otf */; };
		88D6BB2F1CC1630B00333093 /* fontawesome-webfont.ttf in Resources */ = {isa = PBXBuildFile; fileRef = 88D6BB2E1CC1630B00333093 /* fontawesome-webfont.ttf */; };
		88D6BB321CC1663700333093 /* Helpers.m in Sources */ = {isa = PBXBuildFile; fileRef = 88D6BB311CC1663700333093 /* Helpers.m */; };
		88FEEAF11C9C8DD800F3CD60 /* main.m in Sources */ = {isa = PBXBuildFile; fileRef = 88FEEAF01C9C8DD800F3CD60 /* main.m */; };
		88FEEAF41C9C8DD800F3CD60 /* AppDelegate.m in Sources */ = {isa = PBXBuildFile; fileRef = 88FEEAF31C9C8DD800F3CD60 /* AppDelegate.m */; };
		88FEEAF71C9C8DD800F3CD60 /* ViewController.m in Sources */ = {isa = PBXBuildFile; fileRef = 88FEEAF61C9C8DD800F3CD60 /* ViewController.m */; };
		88FEEAFC1C9C8DD800F3CD60 /* Assets.xcassets in Resources */ = {isa = PBXBuildFile; fileRef = 88FEEAFB1C9C8DD800F3CD60 /* Assets.xcassets */; };
		88FEEB081C9C8E5100F3CD60 /* Surface.m in Sources */ = {isa = PBXBuildFile; fileRef = 88FEEB071C9C8E5100F3CD60 /* Surface.m */; };
		88FEEB171C9C91F200F3CD60 /* SfRect.m in Sources */ = {isa = PBXBuildFile; fileRef = 88FEEB161C9C91F200F3CD60 /* SfRect.m */; };
/* End PBXBuildFile section */

/* Begin PBXFileReference section */
		88061D851CA1A09A00D9528E /* SfSize.h */ = {isa = PBXFileReference; fileEncoding = 4; lastKnownFileType = sourcecode.c.h; path = SfSize.h; sourceTree = "<group>"; };
		88061D861CA1A09A00D9528E /* SfSize.m */ = {isa = PBXFileReference; fileEncoding = 4; lastKnownFileType = sourcecode.c.objc; path = SfSize.m; sourceTree = "<group>"; };
		88061D881CA1A13B00D9528E /* SfPoint.h */ = {isa = PBXFileReference; fileEncoding = 4; lastKnownFileType = sourcecode.c.h; path = SfPoint.h; sourceTree = "<group>"; };
		88061D891CA1A13B00D9528E /* SfPoint.m */ = {isa = PBXFileReference; fileEncoding = 4; lastKnownFileType = sourcecode.c.objc; path = SfPoint.m; sourceTree = "<group>"; };
		88061D8B1CA1A1CA00D9528E /* SfPanel.h */ = {isa = PBXFileReference; fileEncoding = 4; lastKnownFileType = sourcecode.c.h; path = SfPanel.h; sourceTree = "<group>"; };
		88061D8C1CA1A1CA00D9528E /* SfPanel.m */ = {isa = PBXFileReference; fileEncoding = 4; lastKnownFileType = sourcecode.c.objc; path = SfPanel.m; sourceTree = "<group>"; };
		88061D8E1CA1A2EF00D9528E /* SfBox.h */ = {isa = PBXFileReference; fileEncoding = 4; lastKnownFileType = sourcecode.c.h; path = SfBox.h; sourceTree = "<group>"; };
		88061D8F1CA1A2EF00D9528E /* SfBox.m */ = {isa = PBXFileReference; fileEncoding = 4; lastKnownFileType = sourcecode.c.objc; path = SfBox.m; sourceTree = "<group>"; };
		8864F4301CBE994500D6AB52 /* Puppeteer.h */ = {isa = PBXFileReference; fileEncoding = 4; lastKnownFileType = sourcecode.c.h; path = Puppeteer.h; sourceTree = "<group>"; };
		8864F4311CBE994500D6AB52 /* Puppeteer.m */ = {isa = PBXFileReference; fileEncoding = 4; lastKnownFileType = sourcecode.c.objc; path = Puppeteer.m; sourceTree = "<group>"; };
		8864F4341CBEA70B00D6AB52 /* Puppeteer1ViewController.h */ = {isa = PBXFileReference; fileEncoding = 4; lastKnownFileType = sourcecode.c.h; path = Puppeteer1ViewController.h; sourceTree = "<group>"; };
		8864F4351CBEA70B00D6AB52 /* Puppeteer1ViewController.m */ = {isa = PBXFileReference; fileEncoding = 4; lastKnownFileType = sourcecode.c.objc; path = Puppeteer1ViewController.m; sourceTree = "<group>"; };
		88D6BB241CC13DD100333093 /* PuppetTabs.h */ = {isa = PBXFileReference; fileEncoding = 4; lastKnownFileType = sourcecode.c.h; path = PuppetTabs.h; sourceTree = "<group>"; };
		88D6BB251CC13DD100333093 /* PuppetTabs.m */ = {isa = PBXFileReference; fileEncoding = 4; lastKnownFileType = sourcecode.c.objc; path = PuppetTabs.m; sourceTree = "<group>"; };
		88D6BB2C1CC1628800333093 /* FontAwesome.otf */ = {isa = PBXFileReference; lastKnownFileType = file; path = FontAwesome.otf; sourceTree = "<group>"; };
		88D6BB2E1CC1630B00333093 /* fontawesome-webfont.ttf */ = {isa = PBXFileReference; lastKnownFileType = file; path = "fontawesome-webfont.ttf"; sourceTree = "<group>"; };
		88D6BB301CC1663700333093 /* Helpers.h */ = {isa = PBXFileReference; fileEncoding = 4; lastKnownFileType = sourcecode.c.h; path = Helpers.h; sourceTree = "<group>"; };
		88D6BB311CC1663700333093 /* Helpers.m */ = {isa = PBXFileReference; fileEncoding = 4; lastKnownFileType = sourcecode.c.objc; path = Helpers.m; sourceTree = "<group>"; };
		88FEEAEC1C9C8DD800F3CD60 /* Surface.app */ = {isa = PBXFileReference; explicitFileType = wrapper.application; includeInIndex = 0; path = Surface.app; sourceTree = BUILT_PRODUCTS_DIR; };
		88FEEAF01C9C8DD800F3CD60 /* main.m */ = {isa = PBXFileReference; lastKnownFileType = sourcecode.c.objc; path = main.m; sourceTree = "<group>"; };
		88FEEAF21C9C8DD800F3CD60 /* AppDelegate.h */ = {isa = PBXFileReference; lastKnownFileType = sourcecode.c.h; path = AppDelegate.h; sourceTree = "<group>"; };
		88FEEAF31C9C8DD800F3CD60 /* AppDelegate.m */ = {isa = PBXFileReference; lastKnownFileType = sourcecode.c.objc; path = AppDelegate.m; sourceTree = "<group>"; };
		88FEEAF51C9C8DD800F3CD60 /* ViewController.h */ = {isa = PBXFileReference; lastKnownFileType = sourcecode.c.h; path = ViewController.h; sourceTree = "<group>"; };
		88FEEAF61C9C8DD800F3CD60 /* ViewController.m */ = {isa = PBXFileReference; lastKnownFileType = sourcecode.c.objc; path = ViewController.m; sourceTree = "<group>"; };
		88FEEAFB1C9C8DD800F3CD60 /* Assets.xcassets */ = {isa = PBXFileReference; lastKnownFileType = folder.assetcatalog; path = Assets.xcassets; sourceTree = "<group>"; };
		88FEEB001C9C8DD800F3CD60 /* Info.plist */ = {isa = PBXFileReference; lastKnownFileType = text.plist.xml; path = Info.plist; sourceTree = "<group>"; };
		88FEEB061C9C8E5100F3CD60 /* Surface.h */ = {isa = PBXFileReference; fileEncoding = 4; lastKnownFileType = sourcecode.c.h; path = Surface.h; sourceTree = "<group>"; };
		88FEEB071C9C8E5100F3CD60 /* Surface.m */ = {isa = PBXFileReference; fileEncoding = 4; lastKnownFileType = sourcecode.c.objc; path = Surface.m; sourceTree = "<group>"; };
		88FEEB151C9C91F200F3CD60 /* SfRect.h */ = {isa = PBXFileReference; fileEncoding = 4; lastKnownFileType = sourcecode.c.h; path = SfRect.h; sourceTree = "<group>"; };
		88FEEB161C9C91F200F3CD60 /* SfRect.m */ = {isa = PBXFileReference; fileEncoding = 4; lastKnownFileType = sourcecode.c.objc; path = SfRect.m; sourceTree = "<group>"; };
/* End PBXFileReference section */

/* Begin PBXFrameworksBuildPhase section */
		88FEEAE91C9C8DD800F3CD60 /* Frameworks */ = {
			isa = PBXFrameworksBuildPhase;
			buildActionMask = 2147483647;
			files = (
			);
			runOnlyForDeploymentPostprocessing = 0;
		};
/* End PBXFrameworksBuildPhase section */

/* Begin PBXGroup section */
		8864F42F1CBE985E00D6AB52 /* Complements */ = {
			isa = PBXGroup;
			children = (
				88D6BB271CC15BBF00333093 /* Fonts */,
				8864F4301CBE994500D6AB52 /* Puppeteer.h */,
				8864F4311CBE994500D6AB52 /* Puppeteer.m */,
				88D6BB241CC13DD100333093 /* PuppetTabs.h */,
				88D6BB251CC13DD100333093 /* PuppetTabs.m */,
			);
			name = Complements;
			sourceTree = "<group>";
		};
		8864F4331CBEA6F400D6AB52 /* Test */ = {
			isa = PBXGroup;
			children = (
				8864F4341CBEA70B00D6AB52 /* Puppeteer1ViewController.h */,
				8864F4351CBEA70B00D6AB52 /* Puppeteer1ViewController.m */,
			);
			name = Test;
			sourceTree = "<group>";
		};
		88D6BB271CC15BBF00333093 /* Fonts */ = {
			isa = PBXGroup;
			children = (
			);
			name = Fonts;
			sourceTree = "<group>";
		};
		88FEEAE31C9C8DD800F3CD60 = {
			isa = PBXGroup;
			children = (
				88D6BB301CC1663700333093 /* Helpers.h */,
				88D6BB311CC1663700333093 /* Helpers.m */,
				88D6BB2E1CC1630B00333093 /* fontawesome-webfont.ttf */,
				88D6BB2C1CC1628800333093 /* FontAwesome.otf */,
				88FEEAEE1C9C8DD800F3CD60 /* Surface */,
				88FEEAED1C9C8DD800F3CD60 /* Products */,
			);
			sourceTree = "<group>";
		};
		88FEEAED1C9C8DD800F3CD60 /* Products */ = {
			isa = PBXGroup;
			children = (
				88FEEAEC1C9C8DD800F3CD60 /* Surface.app */,
			);
			name = Products;
			sourceTree = "<group>";
		};
		88FEEAEE1C9C8DD800F3CD60 /* Surface */ = {
			isa = PBXGroup;
			children = (
				88FEEAF21C9C8DD800F3CD60 /* AppDelegate.h */,
				88FEEAF31C9C8DD800F3CD60 /* AppDelegate.m */,
				88FEEAF51C9C8DD800F3CD60 /* ViewController.h */,
				88FEEAF61C9C8DD800F3CD60 /* ViewController.m */,
				8864F4331CBEA6F400D6AB52 /* Test */,
				88FEEB061C9C8E5100F3CD60 /* Surface.h */,
				88FEEB071C9C8E5100F3CD60 /* Surface.m */,
				88FEEB151C9C91F200F3CD60 /* SfRect.h */,
				88FEEB161C9C91F200F3CD60 /* SfRect.m */,
				88061D851CA1A09A00D9528E /* SfSize.h */,
				88061D861CA1A09A00D9528E /* SfSize.m */,
				88061D881CA1A13B00D9528E /* SfPoint.h */,
				88061D891CA1A13B00D9528E /* SfPoint.m */,
				88061D8E1CA1A2EF00D9528E /* SfBox.h */,
				88061D8F1CA1A2EF00D9528E /* SfBox.m */,
				88061D8B1CA1A1CA00D9528E /* SfPanel.h */,
				88061D8C1CA1A1CA00D9528E /* SfPanel.m */,
				8864F42F1CBE985E00D6AB52 /* Complements */,
				88FEEAFB1C9C8DD800F3CD60 /* Assets.xcassets */,
				88FEEB001C9C8DD800F3CD60 /* Info.plist */,
				88FEEAEF1C9C8DD800F3CD60 /* Supporting Files */,
			);
			path = Surface;
			sourceTree = "<group>";
		};
		88FEEAEF1C9C8DD800F3CD60 /* Supporting Files */ = {
			isa = PBXGroup;
			children = (
				88FEEAF01C9C8DD800F3CD60 /* main.m */,
			);
			name = "Supporting Files";
			sourceTree = "<group>";
		};
/* End PBXGroup section */

/* Begin PBXNativeTarget section */
		88FEEAEB1C9C8DD800F3CD60 /* Surface */ = {
			isa = PBXNativeTarget;
			buildConfigurationList = 88FEEB031C9C8DD800F3CD60 /* Build configuration list for PBXNativeTarget "Surface" */;
			buildPhases = (
				88FEEAE81C9C8DD800F3CD60 /* Sources */,
				88FEEAE91C9C8DD800F3CD60 /* Frameworks */,
				88FEEAEA1C9C8DD800F3CD60 /* Resources */,
			);
			buildRules = (
			);
			dependencies = (
			);
			name = Surface;
			productName = Surface;
			productReference = 88FEEAEC1C9C8DD800F3CD60 /* Surface.app */;
			productType = "com.apple.product-type.application";
		};
/* End PBXNativeTarget section */

/* Begin PBXProject section */
		88FEEAE41C9C8DD800F3CD60 /* Project object */ = {
			isa = PBXProject;
			attributes = {
				LastUpgradeCheck = 0720;
				ORGANIZATIONNAME = Webchimp;
				TargetAttributes = {
					88FEEAEB1C9C8DD800F3CD60 = {
						CreatedOnToolsVersion = 7.2.1;
					};
				};
			};
			buildConfigurationList = 88FEEAE71C9C8DD800F3CD60 /* Build configuration list for PBXProject "Surface" */;
			compatibilityVersion = "Xcode 3.2";
			developmentRegion = English;
			hasScannedForEncodings = 0;
			knownRegions = (
				en,
				Base,
			);
			mainGroup = 88FEEAE31C9C8DD800F3CD60;
			productRefGroup = 88FEEAED1C9C8DD800F3CD60 /* Products */;
			projectDirPath = "";
			projectRoot = "";
			targets = (
				88FEEAEB1C9C8DD800F3CD60 /* Surface */,
			);
		};
/* End PBXProject section */

/* Begin PBXResourcesBuildPhase section */
		88FEEAEA1C9C8DD800F3CD60 /* Resources */ = {
			isa = PBXResourcesBuildPhase;
			buildActionMask = 2147483647;
			files = (
				88D6BB2F1CC1630B00333093 /* fontawesome-webfont.ttf in Resources */,
				88D6BB2D1CC1628800333093 /* FontAwesome.otf in Resources */,
				88FEEAFC1C9C8DD800F3CD60 /* Assets.xcassets in Resources */,
			);
			runOnlyForDeploymentPostprocessing = 0;
		};
/* End PBXResourcesBuildPhase section */

/* Begin PBXSourcesBuildPhase section */
		88FEEAE81C9C8DD800F3CD60 /* Sources */ = {
			isa = PBXSourcesBuildPhase;
			buildActionMask = 2147483647;
			files = (
				88D6BB321CC1663700333093 /* Helpers.m in Sources */,
				8864F4321CBE994500D6AB52 /* Puppeteer.m in Sources */,
				88061D8A1CA1A13B00D9528E /* SfPoint.m in Sources */,
				88FEEAF71C9C8DD800F3CD60 /* ViewController.m in Sources */,
				88FEEB081C9C8E5100F3CD60 /* Surface.m in Sources */,
				88FEEAF41C9C8DD800F3CD60 /* AppDelegate.m in Sources */,
				88FEEB171C9C91F200F3CD60 /* SfRect.m in Sources */,
				88061D8D1CA1A1CA00D9528E /* SfPanel.m in Sources */,
				88D6BB261CC13DD100333093 /* PuppetTabs.m in Sources */,
				88061D901CA1A2EF00D9528E /* SfBox.m in Sources */,
				88FEEAF11C9C8DD800F3CD60 /* main.m in Sources */,
				8864F4361CBEA70B00D6AB52 /* Puppeteer1ViewController.m in Sources */,
				88061D871CA1A09A00D9528E /* SfSize.m in Sources */,
			);
			runOnlyForDeploymentPostprocessing = 0;
		};
/* End PBXSourcesBuildPhase section */

/* Begin XCBuildConfiguration section */
		88FEEB011C9C8DD800F3CD60 /* Debug */ = {
			isa = XCBuildConfiguration;
			buildSettings = {
				ALWAYS_SEARCH_USER_PATHS = NO;
				CLANG_CXX_LANGUAGE_STANDARD = "gnu++0x";
				CLANG_CXX_LIBRARY = "libc++";
				CLANG_ENABLE_MODULES = YES;
				CLANG_ENABLE_OBJC_ARC = YES;
				CLANG_WARN_BOOL_CONVERSION = YES;
				CLANG_WARN_CONSTANT_CONVERSION = YES;
				CLANG_WARN_DIRECT_OBJC_ISA_USAGE = YES_ERROR;
				CLANG_WARN_EMPTY_BODY = YES;
				CLANG_WARN_ENUM_CONVERSION = YES;
				CLANG_WARN_INT_CONVERSION = YES;
				CLANG_WARN_OBJC_ROOT_CLASS = YES_ERROR;
				CLANG_WARN_UNREACHABLE_CODE = YES;
				CLANG_WARN__DUPLICATE_METHOD_MATCH = YES;
				"CODE_SIGN_IDENTITY[sdk=iphoneos*]" = "iPhone Developer";
				COPY_PHASE_STRIP = NO;
				DEBUG_INFORMATION_FORMAT = dwarf;
				ENABLE_STRICT_OBJC_MSGSEND = YES;
				ENABLE_TESTABILITY = YES;
				GCC_C_LANGUAGE_STANDARD = gnu99;
				GCC_DYNAMIC_NO_PIC = NO;
				GCC_NO_COMMON_BLOCKS = YES;
				GCC_OPTIMIZATION_LEVEL = 0;
				GCC_PREPROCESSOR_DEFINITIONS = (
					"DEBUG=1",
					"$(inherited)",
				);
				GCC_WARN_64_TO_32_BIT_CONVERSION = YES;
				GCC_WARN_ABOUT_RETURN_TYPE = YES_ERROR;
				GCC_WARN_UNDECLARED_SELECTOR = YES;
				GCC_WARN_UNINITIALIZED_AUTOS = YES_AGGRESSIVE;
				GCC_WARN_UNUSED_FUNCTION = YES;
				GCC_WARN_UNUSED_VARIABLE = YES;
				IPHONEOS_DEPLOYMENT_TARGET = 9.2;
				MTL_ENABLE_DEBUG_INFO = YES;
				ONLY_ACTIVE_ARCH = YES;
				SDKROOT = iphoneos;
			};
			name = Debug;
		};
		88FEEB021C9C8DD800F3CD60 /* Release */ = {
			isa = XCBuildConfiguration;
			buildSettings = {
				ALWAYS_SEARCH_USER_PATHS = NO;
				CLANG_CXX_LANGUAGE_STANDARD = "gnu++0x";
				CLANG_CXX_LIBRARY = "libc++";
				CLANG_ENABLE_MODULES = YES;
				CLANG_ENABLE_OBJC_ARC = YES;
				CLANG_WARN_BOOL_CONVERSION = YES;
				CLANG_WARN_CONSTANT_CONVERSION = YES;
				CLANG_WARN_DIRECT_OBJC_ISA_USAGE = YES_ERROR;
				CLANG_WARN_EMPTY_BODY = YES;
				CLANG_WARN_ENUM_CONVERSION = YES;
				CLANG_WARN_INT_CONVERSION = YES;
				CLANG_WARN_OBJC_ROOT_CLASS = YES_ERROR;
				CLANG_WARN_UNREACHABLE_CODE = YES;
				CLANG_WARN__DUPLICATE_METHOD_MATCH = YES;
				"CODE_SIGN_IDENTITY[sdk=iphoneos*]" = "iPhone Developer";
				COPY_PHASE_STRIP = NO;
				DEBUG_INFORMATION_FORMAT = "dwarf-with-dsym";
				ENABLE_NS_ASSERTIONS = NO;
				ENABLE_STRICT_OBJC_MSGSEND = YES;
				GCC_C_LANGUAGE_STANDARD = gnu99;
				GCC_NO_COMMON_BLOCKS = YES;
				GCC_WARN_64_TO_32_BIT_CONVERSION = YES;
				GCC_WARN_ABOUT_RETURN_TYPE = YES_ERROR;
				GCC_WARN_UNDECLARED_SELECTOR = YES;
				GCC_WARN_UNINITIALIZED_AUTOS = YES_AGGRESSIVE;
				GCC_WARN_UNUSED_FUNCTION = YES;
				GCC_WARN_UNUSED_VARIABLE = YES;
				IPHONEOS_DEPLOYMENT_TARGET = 9.2;
				MTL_ENABLE_DEBUG_INFO = NO;
				SDKROOT = iphoneos;
				VALIDATE_PRODUCT = YES;
			};
			name = Release;
		};
		88FEEB041C9C8DD800F3CD60 /* Debug */ = {
			isa = XCBuildConfiguration;
			buildSettings = {
				ASSETCATALOG_COMPILER_APPICON_NAME = AppIcon;
				INFOPLIST_FILE = Surface/Info.plist;
				LD_RUNPATH_SEARCH_PATHS = "$(inherited) @executable_path/Frameworks";
				PRODUCT_BUNDLE_IDENTIFIER = com.webchimp.Surface;
				PRODUCT_NAME = "$(TARGET_NAME)";
			};
			name = Debug;
		};
		88FEEB051C9C8DD800F3CD60 /* Release */ = {
			isa = XCBuildConfiguration;
			buildSettings = {
				ASSETCATALOG_COMPILER_APPICON_NAME = AppIcon;
				INFOPLIST_FILE = Surface/Info.plist;
				LD_RUNPATH_SEARCH_PATHS = "$(inherited) @executable_path/Frameworks";
				PRODUCT_BUNDLE_IDENTIFIER = com.webchimp.Surface;
				PRODUCT_NAME = "$(TARGET_NAME)";
			};
			name = Release;
		};
/* End XCBuildConfiguration section */

/* Begin XCConfigurationList section */
		88FEEAE71C9C8DD800F3CD60 /* Build configuration list for PBXProject "Surface" */ = {
			isa = XCConfigurationList;
			buildConfigurations = (
				88FEEB011C9C8DD800F3CD60 /* Debug */,
				88FEEB021C9C8DD800F3CD60 /* Release */,
			);
			defaultConfigurationIsVisible = 0;
			defaultConfigurationName = Release;
		};
		88FEEB031C9C8DD800F3CD60 /* Build configuration list for PBXNativeTarget "Surface" */ = {
			isa = XCConfigurationList;
			buildConfigurations = (
				88FEEB041C9C8DD800F3CD60 /* Debug */,
				88FEEB051C9C8DD800F3CD60 /* Release */,
			);
			defaultConfigurationIsVisible = 0;
			defaultConfigurationName = Release;
		};
/* End XCConfigurationList section */
	};
	rootObject = 88FEEAE41C9C8DD800F3CD60 /* Project object */;
}
